// !$*UTF8*$!
{
	archiveVersion = 1;
	classes = {
	};
	objectVersion = 46;
	objects = {

/* Begin PBXBuildFile section */
		DF032AE01AEAD715009589FC /* ProfileViewController.swift in Sources */ = {isa = PBXBuildFile; fileRef = DF032ADF1AEAD715009589FC /* ProfileViewController.swift */; };
		DF032AE21AEAD74C009589FC /* TraitsViewController.swift in Sources */ = {isa = PBXBuildFile; fileRef = DF032AE11AEAD74C009589FC /* TraitsViewController.swift */; };
		DF032AE41AEAE24E009589FC /* ProfileImage.png in Resources */ = {isa = PBXBuildFile; fileRef = DF032AE31AEAE24E009589FC /* ProfileImage.png */; };
		DF2E038F1AE6F87C009C0A5D /* MenuViewController.swift in Sources */ = {isa = PBXBuildFile; fileRef = DF2E038E1AE6F87C009C0A5D /* MenuViewController.swift */; };
		DF5A42BD1AE817100054D6CF /* libPods-Trent Rand.a in Frameworks */ = {isa = PBXBuildFile; fileRef = DF5A42BC1AE817100054D6CF /* libPods-Trent Rand.a */; };
		DF5E126E1ADE6AED005D036A /* AppDelegate.swift in Sources */ = {isa = PBXBuildFile; fileRef = DF5E126D1ADE6AED005D036A /* AppDelegate.swift */; };
		DF5E12701ADE6AED005D036A /* ViewController.swift in Sources */ = {isa = PBXBuildFile; fileRef = DF5E126F1ADE6AED005D036A /* ViewController.swift */; };
		DF5E12731ADE6AED005D036A /* Main.storyboard in Resources */ = {isa = PBXBuildFile; fileRef = DF5E12711ADE6AED005D036A /* Main.storyboard */; };
		DF5E12751ADE6AED005D036A /* Images.xcassets in Resources */ = {isa = PBXBuildFile; fileRef = DF5E12741ADE6AED005D036A /* Images.xcassets */; };
		DF5E12781ADE6AED005D036A /* LaunchScreen.xib in Resources */ = {isa = PBXBuildFile; fileRef = DF5E12761ADE6AED005D036A /* LaunchScreen.xib */; };
		DF5E12841ADE6AED005D036A /* Trent_RandTests.swift in Sources */ = {isa = PBXBuildFile; fileRef = DF5E12831ADE6AED005D036A /* Trent_RandTests.swift */; };
		DF8EE92B1AEA22D4000A5004 /* HamburgerTableViewCell.xib in Resources */ = {isa = PBXBuildFile; fileRef = DF8EE92A1AEA22D4000A5004 /* HamburgerTableViewCell.xib */; };
		DF91719A1AE88637006FB977 /* menuicon@1x.png in Resources */ = {isa = PBXBuildFile; fileRef = DF9171971AE88637006FB977 /* menuicon@1x.png */; };
		DF91719B1AE88637006FB977 /* menuicon@2x.png in Resources */ = {isa = PBXBuildFile; fileRef = DF9171981AE88637006FB977 /* menuicon@2x.png */; };
		DF91719C1AE88637006FB977 /* menuicon@3x.png in Resources */ = {isa = PBXBuildFile; fileRef = DF9171991AE88637006FB977 /* menuicon@3x.png */; };
		DF91719E1AE88894006FB977 /* navbarBackground.png in Resources */ = {isa = PBXBuildFile; fileRef = DF91719D1AE88894006FB977 /* navbarBackground.png */; };
		DFA04F901AEC2EB60059C39C /* ProfileTableViewCell.xib in Resources */ = {isa = PBXBuildFile; fileRef = DFA04F8F1AEC2EB60059C39C /* ProfileTableViewCell.xib */; };
		DFA04FAA1AEC5CEA0059C39C /* About.png in Resources */ = {isa = PBXBuildFile; fileRef = DFA04FA11AEC5CEA0059C39C /* About.png */; };
		DFA04FAB1AEC5CEA0059C39C /* Apple Support.png in Resources */ = {isa = PBXBuildFile; fileRef = DFA04FA21AEC5CEA0059C39C /* Apple Support.png */; };
		DFA04FAC1AEC5CEA0059C39C /* Contact.png in Resources */ = {isa = PBXBuildFile; fileRef = DFA04FA31AEC5CEA0059C39C /* Contact.png */; };
		DFA04FAD1AEC5CEA0059C39C /* Facebook.png in Resources */ = {isa = PBXBuildFile; fileRef = DFA04FA41AEC5CEA0059C39C /* Facebook.png */; };
		DFA04FAE1AEC5CEA0059C39C /* GitHub.png in Resources */ = {isa = PBXBuildFile; fileRef = DFA04FA51AEC5CEA0059C39C /* GitHub.png */; };
		DFA04FAF1AEC5CEA0059C39C /* Knowledge.png in Resources */ = {isa = PBXBuildFile; fileRef = DFA04FA61AEC5CEA0059C39C /* Knowledge.png */; };
		DFA04FB01AEC5CEA0059C39C /* Portfolio.png in Resources */ = {isa = PBXBuildFile; fileRef = DFA04FA71AEC5CEA0059C39C /* Portfolio.png */; };
		DFA04FB11AEC5CEA0059C39C /* Traits.png in Resources */ = {isa = PBXBuildFile; fileRef = DFA04FA81AEC5CEA0059C39C /* Traits.png */; };
		DFA04FB21AEC5CEA0059C39C /* TrentRand.com.png in Resources */ = {isa = PBXBuildFile; fileRef = DFA04FA91AEC5CEA0059C39C /* TrentRand.com.png */; };
		DFA04FB41AED66410059C39C /* AboutViewController.swift in Sources */ = {isa = PBXBuildFile; fileRef = DFA04FB31AED66410059C39C /* AboutViewController.swift */; };
		DFA04FB61AED66680059C39C /* KnowledgeViewController.swift in Sources */ = {isa = PBXBuildFile; fileRef = DFA04FB51AED66680059C39C /* KnowledgeViewController.swift */; };
		DFA04FB81AED667E0059C39C /* PortfolioViewController.swift in Sources */ = {isa = PBXBuildFile; fileRef = DFA04FB71AED667E0059C39C /* PortfolioViewController.swift */; };
		DFA04FBA1AED66920059C39C /* ContactViewController.swift in Sources */ = {isa = PBXBuildFile; fileRef = DFA04FB91AED66920059C39C /* ContactViewController.swift */; };
		DFA3F5721AEA328B0087E0E7 /* Extensions.swift in Sources */ = {isa = PBXBuildFile; fileRef = DFA3F5711AEA328B0087E0E7 /* Extensions.swift */; };
		DFA3F5741AEAB8BE0087E0E7 /* Foundation.framework in Frameworks */ = {isa = PBXBuildFile; fileRef = DFA3F5731AEAB8BE0087E0E7 /* Foundation.framework */; };
		DFA3F5761AEAB8C40087E0E7 /* UIKit.framework in Frameworks */ = {isa = PBXBuildFile; fileRef = DFA3F5751AEAB8C40087E0E7 /* UIKit.framework */; };
		DFA3F5781AEAB8CB0087E0E7 /* QuartzCore.framework in Frameworks */ = {isa = PBXBuildFile; fileRef = DFA3F5771AEAB8CB0087E0E7 /* QuartzCore.framework */; };
/* End PBXBuildFile section */

/* Begin PBXContainerItemProxy section */
		DF5E127E1ADE6AED005D036A /* PBXContainerItemProxy */ = {
			isa = PBXContainerItemProxy;
			containerPortal = DF5E12601ADE6AEC005D036A /* Project object */;
			proxyType = 1;
			remoteGlobalIDString = DF5E12671ADE6AEC005D036A;
			remoteInfo = "Trent Rand";
		};
/* End PBXContainerItemProxy section */

/* Begin PBXFileReference section */
		4A24A73159C9EF95264891B6 /* Pods-Trent Rand.release.xcconfig */ = {isa = PBXFileReference; includeInIndex = 1; lastKnownFileType = text.xcconfig; name = "Pods-Trent Rand.release.xcconfig"; path = "Pods/Target Support Files/Pods-Trent Rand/Pods-Trent Rand.release.xcconfig"; sourceTree = "<group>"; };
		545DE7F3C59E5A6ED719B027 /* Pods-Trent Rand.debug.xcconfig */ = {isa = PBXFileReference; includeInIndex = 1; lastKnownFileType = text.xcconfig; name = "Pods-Trent Rand.debug.xcconfig"; path = "Pods/Target Support Files/Pods-Trent Rand/Pods-Trent Rand.debug.xcconfig"; sourceTree = "<group>"; };
		98672CD55AE5981E429F0D65 /* libPods-Trent Rand.a */ = {isa = PBXFileReference; explicitFileType = archive.ar; includeInIndex = 0; path = "libPods-Trent Rand.a"; sourceTree = BUILT_PRODUCTS_DIR; };
		DF032ADF1AEAD715009589FC /* ProfileViewController.swift */ = {isa = PBXFileReference; fileEncoding = 4; lastKnownFileType = sourcecode.swift; path = ProfileViewController.swift; sourceTree = "<group>"; };
		DF032AE11AEAD74C009589FC /* TraitsViewController.swift */ = {isa = PBXFileReference; fileEncoding = 4; lastKnownFileType = sourcecode.swift; path = TraitsViewController.swift; sourceTree = "<group>"; };
		DF032AE31AEAE24E009589FC /* ProfileImage.png */ = {isa = PBXFileReference; lastKnownFileType = image.png; path = ProfileImage.png; sourceTree = "<group>"; };
		DF2E038B1AE6F7A3009C0A5D /* Trent Rand-Bridging-Header.h */ = {isa = PBXFileReference; lastKnownFileType = sourcecode.c.h; path = "Trent Rand-Bridging-Header.h"; sourceTree = SOURCE_ROOT; };
		DF2E038E1AE6F87C009C0A5D /* MenuViewController.swift */ = {isa = PBXFileReference; fileEncoding = 4; lastKnownFileType = sourcecode.swift; path = MenuViewController.swift; sourceTree = "<group>"; };
		DF5A42BC1AE817100054D6CF /* libPods-Trent Rand.a */ = {isa = PBXFileReference; lastKnownFileType = archive.ar; name = "libPods-Trent Rand.a"; path = "Pods/build/Debug-iphoneos/libPods-Trent Rand.a"; sourceTree = "<group>"; };
		DF5E12681ADE6AED005D036A /* Trent Rand.app */ = {isa = PBXFileReference; explicitFileType = wrapper.application; includeInIndex = 0; path = "Trent Rand.app"; sourceTree = BUILT_PRODUCTS_DIR; };
		DF5E126C1ADE6AED005D036A /* Info.plist */ = {isa = PBXFileReference; lastKnownFileType = text.plist.xml; path = Info.plist; sourceTree = "<group>"; };
		DF5E126D1ADE6AED005D036A /* AppDelegate.swift */ = {isa = PBXFileReference; lastKnownFileType = sourcecode.swift; path = AppDelegate.swift; sourceTree = "<group>"; };
		DF5E126F1ADE6AED005D036A /* ViewController.swift */ = {isa = PBXFileReference; lastKnownFileType = sourcecode.swift; path = ViewController.swift; sourceTree = "<group>"; };
		DF5E12721ADE6AED005D036A /* Base */ = {isa = PBXFileReference; lastKnownFileType = file.storyboard; name = Base; path = Base.lproj/Main.storyboard; sourceTree = "<group>"; };
		DF5E12741ADE6AED005D036A /* Images.xcassets */ = {isa = PBXFileReference; lastKnownFileType = folder.assetcatalog; path = Images.xcassets; sourceTree = "<group>"; };
		DF5E12771ADE6AED005D036A /* Base */ = {isa = PBXFileReference; lastKnownFileType = file.xib; name = Base; path = Base.lproj/LaunchScreen.xib; sourceTree = "<group>"; };
		DF5E127D1ADE6AED005D036A /* Trent RandTests.xctest */ = {isa = PBXFileReference; explicitFileType = wrapper.cfbundle; includeInIndex = 0; path = "Trent RandTests.xctest"; sourceTree = BUILT_PRODUCTS_DIR; };
		DF5E12821ADE6AED005D036A /* Info.plist */ = {isa = PBXFileReference; lastKnownFileType = text.plist.xml; path = Info.plist; sourceTree = "<group>"; };
		DF5E12831ADE6AED005D036A /* Trent_RandTests.swift */ = {isa = PBXFileReference; lastKnownFileType = sourcecode.swift; path = Trent_RandTests.swift; sourceTree = "<group>"; };
		DF8EE92A1AEA22D4000A5004 /* HamburgerTableViewCell.xib */ = {isa = PBXFileReference; fileEncoding = 4; lastKnownFileType = file.xib; path = HamburgerTableViewCell.xib; sourceTree = "<group>"; };
		DF9171971AE88637006FB977 /* menuicon@1x.png */ = {isa = PBXFileReference; lastKnownFileType = image.png; path = "menuicon@1x.png"; sourceTree = "<group>"; };
		DF9171981AE88637006FB977 /* menuicon@2x.png */ = {isa = PBXFileReference; lastKnownFileType = image.png; path = "menuicon@2x.png"; sourceTree = "<group>"; };
		DF9171991AE88637006FB977 /* menuicon@3x.png */ = {isa = PBXFileReference; lastKnownFileType = image.png; path = "menuicon@3x.png"; sourceTree = "<group>"; };
		DF91719D1AE88894006FB977 /* navbarBackground.png */ = {isa = PBXFileReference; lastKnownFileType = image.png; path = navbarBackground.png; sourceTree = "<group>"; };
		DFA04F8F1AEC2EB60059C39C /* ProfileTableViewCell.xib */ = {isa = PBXFileReference; fileEncoding = 4; lastKnownFileType = file.xib; path = ProfileTableViewCell.xib; sourceTree = "<group>"; };
		DFA04FA11AEC5CEA0059C39C /* About.png */ = {isa = PBXFileReference; lastKnownFileType = image.png; path = About.png; sourceTree = "<group>"; };
		DFA04FA21AEC5CEA0059C39C /* Apple Support.png */ = {isa = PBXFileReference; lastKnownFileType = image.png; path = "Apple Support.png"; sourceTree = "<group>"; };
		DFA04FA31AEC5CEA0059C39C /* Contact.png */ = {isa = PBXFileReference; lastKnownFileType = image.png; path = Contact.png; sourceTree = "<group>"; };
		DFA04FA41AEC5CEA0059C39C /* Facebook.png */ = {isa = PBXFileReference; lastKnownFileType = image.png; path = Facebook.png; sourceTree = "<group>"; };
		DFA04FA51AEC5CEA0059C39C /* GitHub.png */ = {isa = PBXFileReference; lastKnownFileType = image.png; path = GitHub.png; sourceTree = "<group>"; };
		DFA04FA61AEC5CEA0059C39C /* Knowledge.png */ = {isa = PBXFileReference; lastKnownFileType = image.png; path = Knowledge.png; sourceTree = "<group>"; };
		DFA04FA71AEC5CEA0059C39C /* Portfolio.png */ = {isa = PBXFileReference; lastKnownFileType = image.png; path = Portfolio.png; sourceTree = "<group>"; };
		DFA04FA81AEC5CEA0059C39C /* Traits.png */ = {isa = PBXFileReference; lastKnownFileType = image.png; path = Traits.png; sourceTree = "<group>"; };
		DFA04FA91AEC5CEA0059C39C /* TrentRand.com.png */ = {isa = PBXFileReference; lastKnownFileType = image.png; path = TrentRand.com.png; sourceTree = "<group>"; };
		DFA04FB31AED66410059C39C /* AboutViewController.swift */ = {isa = PBXFileReference; fileEncoding = 4; lastKnownFileType = sourcecode.swift; path = AboutViewController.swift; sourceTree = "<group>"; };
		DFA04FB51AED66680059C39C /* KnowledgeViewController.swift */ = {isa = PBXFileReference; fileEncoding = 4; lastKnownFileType = sourcecode.swift; path = KnowledgeViewController.swift; sourceTree = "<group>"; };
		DFA04FB71AED667E0059C39C /* PortfolioViewController.swift */ = {isa = PBXFileReference; fileEncoding = 4; lastKnownFileType = sourcecode.swift; path = PortfolioViewController.swift; sourceTree = "<group>"; };
		DFA04FB91AED66920059C39C /* ContactViewController.swift */ = {isa = PBXFileReference; fileEncoding = 4; lastKnownFileType = sourcecode.swift; path = ContactViewController.swift; sourceTree = "<group>"; };
		DFA3F5711AEA328B0087E0E7 /* Extensions.swift */ = {isa = PBXFileReference; fileEncoding = 4; lastKnownFileType = sourcecode.swift; path = Extensions.swift; sourceTree = "<group>"; };
		DFA3F5731AEAB8BE0087E0E7 /* Foundation.framework */ = {isa = PBXFileReference; lastKnownFileType = wrapper.framework; name = Foundation.framework; path = System/Library/Frameworks/Foundation.framework; sourceTree = SDKROOT; };
		DFA3F5751AEAB8C40087E0E7 /* UIKit.framework */ = {isa = PBXFileReference; lastKnownFileType = wrapper.framework; name = UIKit.framework; path = System/Library/Frameworks/UIKit.framework; sourceTree = SDKROOT; };
		DFA3F5771AEAB8CB0087E0E7 /* QuartzCore.framework */ = {isa = PBXFileReference; lastKnownFileType = wrapper.framework; name = QuartzCore.framework; path = System/Library/Frameworks/QuartzCore.framework; sourceTree = SDKROOT; };
/* End PBXFileReference section */

/* Begin PBXFrameworksBuildPhase section */
		DF5E12651ADE6AEC005D036A /* Frameworks */ = {
			isa = PBXFrameworksBuildPhase;
			buildActionMask = 2147483647;
			files = (
				DFA3F5781AEAB8CB0087E0E7 /* QuartzCore.framework in Frameworks */,
				DFA3F5761AEAB8C40087E0E7 /* UIKit.framework in Frameworks */,
				DFA3F5741AEAB8BE0087E0E7 /* Foundation.framework in Frameworks */,
				DF5A42BD1AE817100054D6CF /* libPods-Trent Rand.a in Frameworks */,
			);
			runOnlyForDeploymentPostprocessing = 0;
		};
		DF5E127A1ADE6AED005D036A /* Frameworks */ = {
			isa = PBXFrameworksBuildPhase;
			buildActionMask = 2147483647;
			files = (
			);
			runOnlyForDeploymentPostprocessing = 0;
		};
/* End PBXFrameworksBuildPhase section */

/* Begin PBXGroup section */
		5651D669F5425EB790D3349C /* Pods */ = {
			isa = PBXGroup;
			children = (
				545DE7F3C59E5A6ED719B027 /* Pods-Trent Rand.debug.xcconfig */,
				4A24A73159C9EF95264891B6 /* Pods-Trent Rand.release.xcconfig */,
			);
			name = Pods;
			sourceTree = "<group>";
		};
		5C845EF3D81DFB55C0B4DECC /* Frameworks */ = {
			isa = PBXGroup;
			children = (
				DFA3F5771AEAB8CB0087E0E7 /* QuartzCore.framework */,
				DFA3F5751AEAB8C40087E0E7 /* UIKit.framework */,
				DFA3F5731AEAB8BE0087E0E7 /* Foundation.framework */,
				DF5A42BC1AE817100054D6CF /* libPods-Trent Rand.a */,
				98672CD55AE5981E429F0D65 /* libPods-Trent Rand.a */,
			);
			name = Frameworks;
			sourceTree = "<group>";
		};
		DF5E125F1ADE6AEC005D036A = {
			isa = PBXGroup;
			children = (
				DF5E126A1ADE6AED005D036A /* Trent Rand */,
				DF5E12801ADE6AED005D036A /* Trent RandTests */,
				DF5E12691ADE6AED005D036A /* Products */,
				5651D669F5425EB790D3349C /* Pods */,
				5C845EF3D81DFB55C0B4DECC /* Frameworks */,
			);
			sourceTree = "<group>";
		};
		DF5E12691ADE6AED005D036A /* Products */ = {
			isa = PBXGroup;
			children = (
				DF5E12681ADE6AED005D036A /* Trent Rand.app */,
				DF5E127D1ADE6AED005D036A /* Trent RandTests.xctest */,
			);
			name = Products;
			sourceTree = "<group>";
		};
		DF5E126A1ADE6AED005D036A /* Trent Rand */ = {
			isa = PBXGroup;
			children = (
				DF5E12761ADE6AED005D036A /* LaunchScreen.xib */,
				DF5E12711ADE6AED005D036A /* Main.storyboard */,
				DF8EE92A1AEA22D4000A5004 /* HamburgerTableViewCell.xib */,
				DFA04F8F1AEC2EB60059C39C /* ProfileTableViewCell.xib */,
				DF5E126D1ADE6AED005D036A /* AppDelegate.swift */,
				DF5E126F1ADE6AED005D036A /* ViewController.swift */,
				DF2E038E1AE6F87C009C0A5D /* MenuViewController.swift */,
				DF032ADF1AEAD715009589FC /* ProfileViewController.swift */,
				DF032AE11AEAD74C009589FC /* TraitsViewController.swift */,
				DFA04FB31AED66410059C39C /* AboutViewController.swift */,
				DFA04FB51AED66680059C39C /* KnowledgeViewController.swift */,
				DFA04FB71AED667E0059C39C /* PortfolioViewController.swift */,
				DFA04FB91AED66920059C39C /* ContactViewController.swift */,
				DFA3F5711AEA328B0087E0E7 /* Extensions.swift */,
				DF2E038B1AE6F7A3009C0A5D /* Trent Rand-Bridging-Header.h */,
				DF5E12741ADE6AED005D036A /* Images.xcassets */,
				DF5E126B1ADE6AED005D036A /* Supporting Files */,
			);
			path = "Trent Rand";
			sourceTree = "<group>";
		};
		DF5E126B1ADE6AED005D036A /* Supporting Files */ = {
			isa = PBXGroup;
			children = (
				DF032AE31AEAE24E009589FC /* ProfileImage.png */,
				DF91719D1AE88894006FB977 /* navbarBackground.png */,
				DF9171971AE88637006FB977 /* menuicon@1x.png */,
				DF9171981AE88637006FB977 /* menuicon@2x.png */,
				DF9171991AE88637006FB977 /* menuicon@3x.png */,
				DF5E126C1ADE6AED005D036A /* Info.plist */,
				DFA04FA11AEC5CEA0059C39C /* About.png */,
				DFA04FA21AEC5CEA0059C39C /* Apple Support.png */,
				DFA04FA31AEC5CEA0059C39C /* Contact.png */,
				DFA04FA41AEC5CEA0059C39C /* Facebook.png */,
				DFA04FA51AEC5CEA0059C39C /* GitHub.png */,
				DFA04FA61AEC5CEA0059C39C /* Knowledge.png */,
				DFA04FA71AEC5CEA0059C39C /* Portfolio.png */,
				DFA04FA81AEC5CEA0059C39C /* Traits.png */,
				DFA04FA91AEC5CEA0059C39C /* TrentRand.com.png */,
			);
			name = "Supporting Files";
			sourceTree = "<group>";
		};
		DF5E12801ADE6AED005D036A /* Trent RandTests */ = {
			isa = PBXGroup;
			children = (
				DF5E12831ADE6AED005D036A /* Trent_RandTests.swift */,
				DF5E12811ADE6AED005D036A /* Supporting Files */,
			);
			path = "Trent RandTests";
			sourceTree = "<group>";
		};
		DF5E12811ADE6AED005D036A /* Supporting Files */ = {
			isa = PBXGroup;
			children = (
				DF5E12821ADE6AED005D036A /* Info.plist */,
			);
			name = "Supporting Files";
			sourceTree = "<group>";
		};
/* End PBXGroup section */

/* Begin PBXNativeTarget section */
		DF5E12671ADE6AEC005D036A /* Trent Rand */ = {
			isa = PBXNativeTarget;
			buildConfigurationList = DF5E12871ADE6AED005D036A /* Build configuration list for PBXNativeTarget "Trent Rand" */;
			buildPhases = (
				622E6D4306CA8D919A1FF012 /* Check Pods Manifest.lock */,
				DF5E12641ADE6AEC005D036A /* Sources */,
				DF5E12651ADE6AEC005D036A /* Frameworks */,
				DF5E12661ADE6AEC005D036A /* Resources */,
				02150E6450E7B13A0ECF154E /* Copy Pods Resources */,
			);
			buildRules = (
			);
			dependencies = (
			);
			name = "Trent Rand";
			productName = "Trent Rand";
			productReference = DF5E12681ADE6AED005D036A /* Trent Rand.app */;
			productType = "com.apple.product-type.application";
		};
		DF5E127C1ADE6AED005D036A /* Trent RandTests */ = {
			isa = PBXNativeTarget;
			buildConfigurationList = DF5E128A1ADE6AED005D036A /* Build configuration list for PBXNativeTarget "Trent RandTests" */;
			buildPhases = (
				DF5E12791ADE6AED005D036A /* Sources */,
				DF5E127A1ADE6AED005D036A /* Frameworks */,
				DF5E127B1ADE6AED005D036A /* Resources */,
			);
			buildRules = (
			);
			dependencies = (
				DF5E127F1ADE6AED005D036A /* PBXTargetDependency */,
			);
			name = "Trent RandTests";
			productName = "Trent RandTests";
			productReference = DF5E127D1ADE6AED005D036A /* Trent RandTests.xctest */;
			productType = "com.apple.product-type.bundle.unit-test";
		};
/* End PBXNativeTarget section */

/* Begin PBXProject section */
		DF5E12601ADE6AEC005D036A /* Project object */ = {
			isa = PBXProject;
			attributes = {
				LastUpgradeCheck = 0630;
				ORGANIZATIONNAME = "Trent Rand";
				TargetAttributes = {
					DF5E12671ADE6AEC005D036A = {
						CreatedOnToolsVersion = 6.3;
						DevelopmentTeam = VYSX36K935;
					};
					DF5E127C1ADE6AED005D036A = {
						CreatedOnToolsVersion = 6.3;
						TestTargetID = DF5E12671ADE6AEC005D036A;
					};
				};
			};
			buildConfigurationList = DF5E12631ADE6AEC005D036A /* Build configuration list for PBXProject "Trent Rand" */;
			compatibilityVersion = "Xcode 3.2";
			developmentRegion = English;
			hasScannedForEncodings = 0;
			knownRegions = (
				en,
				Base,
			);
			mainGroup = DF5E125F1ADE6AEC005D036A;
			productRefGroup = DF5E12691ADE6AED005D036A /* Products */;
			projectDirPath = "";
			projectRoot = "";
			targets = (
				DF5E12671ADE6AEC005D036A /* Trent Rand */,
				DF5E127C1ADE6AED005D036A /* Trent RandTests */,
			);
		};
/* End PBXProject section */

/* Begin PBXResourcesBuildPhase section */
		DF5E12661ADE6AEC005D036A /* Resources */ = {
			isa = PBXResourcesBuildPhase;
			buildActionMask = 2147483647;
			files = (
				DFA04FAF1AEC5CEA0059C39C /* Knowledge.png in Resources */,
				DFA04FAA1AEC5CEA0059C39C /* About.png in Resources */,
				DFA04FB11AEC5CEA0059C39C /* Traits.png in Resources */,
				DF5E12731ADE6AED005D036A /* Main.storyboard in Resources */,
				DF032AE41AEAE24E009589FC /* ProfileImage.png in Resources */,
				DF5E12781ADE6AED005D036A /* LaunchScreen.xib in Resources */,
				DF91719E1AE88894006FB977 /* navbarBackground.png in Resources */,
				DFA04FAC1AEC5CEA0059C39C /* Contact.png in Resources */,
				DF8EE92B1AEA22D4000A5004 /* HamburgerTableViewCell.xib in Resources */,
				DF91719B1AE88637006FB977 /* menuicon@2x.png in Resources */,
				DFA04FB01AEC5CEA0059C39C /* Portfolio.png in Resources */,
				DF91719A1AE88637006FB977 /* menuicon@1x.png in Resources */,
				DFA04FAD1AEC5CEA0059C39C /* Facebook.png in Resources */,
				DFA04FAE1AEC5CEA0059C39C /* GitHub.png in Resources */,
				DF91719C1AE88637006FB977 /* menuicon@3x.png in Resources */,
				DF5E12751ADE6AED005D036A /* Images.xcassets in Resources */,
				DFA04F901AEC2EB60059C39C /* ProfileTableViewCell.xib in Resources */,
				DFA04FB21AEC5CEA0059C39C /* TrentRand.com.png in Resources */,
				DFA04FAB1AEC5CEA0059C39C /* Apple Support.png in Resources */,
			);
			runOnlyForDeploymentPostprocessing = 0;
		};
		DF5E127B1ADE6AED005D036A /* Resources */ = {
			isa = PBXResourcesBuildPhase;
			buildActionMask = 2147483647;
			files = (
			);
			runOnlyForDeploymentPostprocessing = 0;
		};
/* End PBXResourcesBuildPhase section */

/* Begin PBXShellScriptBuildPhase section */
		02150E6450E7B13A0ECF154E /* Copy Pods Resources */ = {
			isa = PBXShellScriptBuildPhase;
			buildActionMask = 2147483647;
			files = (
			);
			inputPaths = (
			);
			name = "Copy Pods Resources";
			outputPaths = (
			);
			runOnlyForDeploymentPostprocessing = 0;
			shellPath = /bin/sh;
			shellScript = "\"${SRCROOT}/Pods/Target Support Files/Pods-Trent Rand/Pods-Trent Rand-resources.sh\"\n";
			showEnvVarsInLog = 0;
		};
		622E6D4306CA8D919A1FF012 /* Check Pods Manifest.lock */ = {
			isa = PBXShellScriptBuildPhase;
			buildActionMask = 2147483647;
			files = (
			);
			inputPaths = (
			);
			name = "Check Pods Manifest.lock";
			outputPaths = (
			);
			runOnlyForDeploymentPostprocessing = 0;
			shellPath = /bin/sh;
			shellScript = "diff \"${PODS_ROOT}/../Podfile.lock\" \"${PODS_ROOT}/Manifest.lock\" > /dev/null\nif [[ $? != 0 ]] ; then\n    cat << EOM\nerror: The sandbox is not in sync with the Podfile.lock. Run 'pod install' or update your CocoaPods installation.\nEOM\n    exit 1\nfi\n";
			showEnvVarsInLog = 0;
		};
/* End PBXShellScriptBuildPhase section */

/* Begin PBXSourcesBuildPhase section */
		DF5E12641ADE6AEC005D036A /* Sources */ = {
			isa = PBXSourcesBuildPhase;
			buildActionMask = 2147483647;
			files = (
				DF5E12701ADE6AED005D036A /* ViewController.swift in Sources */,
				DFA04FB81AED667E0059C39C /* PortfolioViewController.swift in Sources */,
				DF2E038F1AE6F87C009C0A5D /* MenuViewController.swift in Sources */,
				DF032AE01AEAD715009589FC /* ProfileViewController.swift in Sources */,
				DFA04FB41AED66410059C39C /* AboutViewController.swift in Sources */,
				DF5E126E1ADE6AED005D036A /* AppDelegate.swift in Sources */,
				DFA3F5721AEA328B0087E0E7 /* Extensions.swift in Sources */,
				DF032AE21AEAD74C009589FC /* TraitsViewController.swift in Sources */,
				DFA04FB61AED66680059C39C /* KnowledgeViewController.swift in Sources */,
				DFA04FBA1AED66920059C39C /* ContactViewController.swift in Sources */,
			);
			runOnlyForDeploymentPostprocessing = 0;
		};
		DF5E12791ADE6AED005D036A /* Sources */ = {
			isa = PBXSourcesBuildPhase;
			buildActionMask = 2147483647;
			files = (
				DF5E12841ADE6AED005D036A /* Trent_RandTests.swift in Sources */,
			);
			runOnlyForDeploymentPostprocessing = 0;
		};
/* End PBXSourcesBuildPhase section */

/* Begin PBXTargetDependency section */
		DF5E127F1ADE6AED005D036A /* PBXTargetDependency */ = {
			isa = PBXTargetDependency;
			target = DF5E12671ADE6AEC005D036A /* Trent Rand */;
			targetProxy = DF5E127E1ADE6AED005D036A /* PBXContainerItemProxy */;
		};
/* End PBXTargetDependency section */

/* Begin PBXVariantGroup section */
		DF5E12711ADE6AED005D036A /* Main.storyboard */ = {
			isa = PBXVariantGroup;
			children = (
				DF5E12721ADE6AED005D036A /* Base */,
			);
			name = Main.storyboard;
			sourceTree = "<group>";
		};
		DF5E12761ADE6AED005D036A /* LaunchScreen.xib */ = {
			isa = PBXVariantGroup;
			children = (
				DF5E12771ADE6AED005D036A /* Base */,
			);
			name = LaunchScreen.xib;
			sourceTree = "<group>";
		};
/* End PBXVariantGroup section */

/* Begin XCBuildConfiguration section */
		DF5E12851ADE6AED005D036A /* Debug */ = {
			isa = XCBuildConfiguration;
			buildSettings = {
				ALWAYS_SEARCH_USER_PATHS = NO;
				CLANG_CXX_LANGUAGE_STANDARD = "gnu++0x";
				CLANG_CXX_LIBRARY = "libc++";
				CLANG_ENABLE_MODULES = YES;
				CLANG_ENABLE_OBJC_ARC = YES;
				CLANG_WARN_BOOL_CONVERSION = YES;
				CLANG_WARN_CONSTANT_CONVERSION = YES;
				CLANG_WARN_DIRECT_OBJC_ISA_USAGE = YES_ERROR;
				CLANG_WARN_EMPTY_BODY = YES;
				CLANG_WARN_ENUM_CONVERSION = YES;
				CLANG_WARN_INT_CONVERSION = YES;
				CLANG_WARN_OBJC_ROOT_CLASS = YES_ERROR;
				CLANG_WARN_UNREACHABLE_CODE = YES;
				CLANG_WARN__DUPLICATE_METHOD_MATCH = YES;
				"CODE_SIGN_IDENTITY[sdk=iphoneos*]" = "iPhone Developer";
				COPY_PHASE_STRIP = NO;
				DEBUG_INFORMATION_FORMAT = "dwarf-with-dsym";
				ENABLE_STRICT_OBJC_MSGSEND = YES;
				GCC_C_LANGUAGE_STANDARD = gnu99;
				GCC_DYNAMIC_NO_PIC = NO;
				GCC_NO_COMMON_BLOCKS = YES;
				GCC_OPTIMIZATION_LEVEL = 0;
				GCC_PREPROCESSOR_DEFINITIONS = (
					"DEBUG=1",
					"$(inherited)",
				);
				GCC_SYMBOLS_PRIVATE_EXTERN = NO;
				GCC_WARN_64_TO_32_BIT_CONVERSION = YES;
				GCC_WARN_ABOUT_RETURN_TYPE = YES_ERROR;
				GCC_WARN_UNDECLARED_SELECTOR = YES;
				GCC_WARN_UNINITIALIZED_AUTOS = YES_AGGRESSIVE;
				GCC_WARN_UNUSED_FUNCTION = YES;
				GCC_WARN_UNUSED_VARIABLE = YES;
				IPHONEOS_DEPLOYMENT_TARGET = 8.3;
				MTL_ENABLE_DEBUG_INFO = YES;
				ONLY_ACTIVE_ARCH = YES;
				SDKROOT = iphoneos;
				SWIFT_OPTIMIZATION_LEVEL = "-Onone";
				TARGETED_DEVICE_FAMILY = "1,2";
				VALID_ARCHS = "arm64 armv7 armv7s";
			};
			name = Debug;
		};
		DF5E12861ADE6AED005D036A /* Release */ = {
			isa = XCBuildConfiguration;
			buildSettings = {
				ALWAYS_SEARCH_USER_PATHS = NO;
				CLANG_CXX_LANGUAGE_STANDARD = "gnu++0x";
				CLANG_CXX_LIBRARY = "libc++";
				CLANG_ENABLE_MODULES = YES;
				CLANG_ENABLE_OBJC_ARC = YES;
				CLANG_WARN_BOOL_CONVERSION = YES;
				CLANG_WARN_CONSTANT_CONVERSION = YES;
				CLANG_WARN_DIRECT_OBJC_ISA_USAGE = YES_ERROR;
				CLANG_WARN_EMPTY_BODY = YES;
				CLANG_WARN_ENUM_CONVERSION = YES;
				CLANG_WARN_INT_CONVERSION = YES;
				CLANG_WARN_OBJC_ROOT_CLASS = YES_ERROR;
				CLANG_WARN_UNREACHABLE_CODE = YES;
				CLANG_WARN__DUPLICATE_METHOD_MATCH = YES;
				"CODE_SIGN_IDENTITY[sdk=iphoneos*]" = "iPhone Developer";
				COPY_PHASE_STRIP = NO;
				DEBUG_INFORMATION_FORMAT = "dwarf-with-dsym";
				ENABLE_NS_ASSERTIONS = NO;
				ENABLE_STRICT_OBJC_MSGSEND = YES;
				GCC_C_LANGUAGE_STANDARD = gnu99;
				GCC_NO_COMMON_BLOCKS = YES;
				GCC_WARN_64_TO_32_BIT_CONVERSION = YES;
				GCC_WARN_ABOUT_RETURN_TYPE = YES_ERROR;
				GCC_WARN_UNDECLARED_SELECTOR = YES;
				GCC_WARN_UNINITIALIZED_AUTOS = YES_AGGRESSIVE;
				GCC_WARN_UNUSED_FUNCTION = YES;
				GCC_WARN_UNUSED_VARIABLE = YES;
				IPHONEOS_DEPLOYMENT_TARGET = 8.3;
				MTL_ENABLE_DEBUG_INFO = NO;
				SDKROOT = iphoneos;
				TARGETED_DEVICE_FAMILY = "1,2";
				VALIDATE_PRODUCT = YES;
				VALID_ARCHS = "arm64 armv7 armv7s";
			};
			name = Release;
		};
		DF5E12881ADE6AED005D036A /* Debug */ = {
			isa = XCBuildConfiguration;
			baseConfigurationReference = 545DE7F3C59E5A6ED719B027 /* Pods-Trent Rand.debug.xcconfig */;
			buildSettings = {
				ASSETCATALOG_COMPILER_APPICON_NAME = AppIcon;
				CLANG_ENABLE_MODULES = YES;
				CODE_SIGN_IDENTITY = "iPhone Developer";
				"CODE_SIGN_IDENTITY[sdk=iphoneos*]" = "iPhone Developer";
				INFOPLIST_FILE = "Trent Rand/Info.plist";
				IPHONEOS_DEPLOYMENT_TARGET = 8.2;
				LD_RUNPATH_SEARCH_PATHS = "$(inherited) @executable_path/Frameworks";
				LIBRARY_SEARCH_PATHS = (
					"$(inherited)",
					"$(PROJECT_DIR)/Pods/build/Debug-iphoneos",
				);
				PRODUCT_NAME = "$(TARGET_NAME)";
				PROVISIONING_PROFILE = "";
				SWIFT_OBJC_BRIDGING_HEADER = "Trent Rand-Bridging-Header.h";
				SWIFT_OPTIMIZATION_LEVEL = "-Onone";
			};
			name = Debug;
		};
		DF5E12891ADE6AED005D036A /* Release */ = {
			isa = XCBuildConfiguration;
			baseConfigurationReference = 4A24A73159C9EF95264891B6 /* Pods-Trent Rand.release.xcconfig */;
			buildSettings = {
				ASSETCATALOG_COMPILER_APPICON_NAME = AppIcon;
				CLANG_ENABLE_MODULES = YES;
				CODE_SIGN_IDENTITY = "iPhone Developer";
				"CODE_SIGN_IDENTITY[sdk=iphoneos*]" = "iPhone Developer";
				INFOPLIST_FILE = "Trent Rand/Info.plist";
				IPHONEOS_DEPLOYMENT_TARGET = 8.2;
				LD_RUNPATH_SEARCH_PATHS = "$(inherited) @executable_path/Frameworks";
				LIBRARY_SEARCH_PATHS = (
					"$(inherited)",
					"$(PROJECT_DIR)/Pods/build/Debug-iphoneos",
				);
				PRODUCT_NAME = "$(TARGET_NAME)";
				PROVISIONING_PROFILE = "";
				SWIFT_OBJC_BRIDGING_HEADER = "Trent Rand-Bridging-Header.h";
			};
			name = Release;
		};
		DF5E128B1ADE6AED005D036A /* Debug */ = {
			isa = XCBuildConfiguration;
			buildSettings = {
				BUNDLE_LOADER = "$(TEST_HOST)";
				FRAMEWORK_SEARCH_PATHS = (
					"$(SDKROOT)/Developer/Library/Frameworks",
					"$(inherited)",
				);
				GCC_PREPROCESSOR_DEFINITIONS = (
					"DEBUG=1",
					"$(inherited)",
				);
				INFOPLIST_FILE = "Trent RandTests/Info.plist";
				LD_RUNPATH_SEARCH_PATHS = "$(inherited) @executable_path/Frameworks @loader_path/Frameworks";
				PRODUCT_NAME = "$(TARGET_NAME)";
				TEST_HOST = "$(BUILT_PRODUCTS_DIR)/Trent Rand.app/Trent Rand";
			};
			name = Debug;
		};
		DF5E128C1ADE6AED005D036A /* Release */ = {
			isa = XCBuildConfiguration;
			buildSettings = {
				BUNDLE_LOADER = "$(TEST_HOST)";
				FRAMEWORK_SEARCH_PATHS = (
					"$(SDKROOT)/Developer/Library/Frameworks",
					"$(inherited)",
				);
				INFOPLIST_FILE = "Trent RandTests/Info.plist";
				LD_RUNPATH_SEARCH_PATHS = "$(inherited) @executable_path/Frameworks @loader_path/Frameworks";
				PRODUCT_NAME = "$(TARGET_NAME)";
				TEST_HOST = "$(BUILT_PRODUCTS_DIR)/Trent Rand.app/Trent Rand";
			};
			name = Release;
		};
/* End XCBuildConfiguration section */

/* Begin XCConfigurationList section */
		DF5E12631ADE6AEC005D036A /* Build configuration list for PBXProject "Trent Rand" */ = {
			isa = XCConfigurationList;
			buildConfigurations = (
				DF5E12851ADE6AED005D036A /* Debug */,
				DF5E12861ADE6AED005D036A /* Release */,
			);
			defaultConfigurationIsVisible = 0;
			defaultConfigurationName = Release;
		};
		DF5E12871ADE6AED005D036A /* Build configuration list for PBXNativeTarget "Trent Rand" */ = {
			isa = XCConfigurationList;
			buildConfigurations = (
				DF5E12881ADE6AED005D036A /* Debug */,
				DF5E12891ADE6AED005D036A /* Release */,
			);
			defaultConfigurationIsVisible = 0;
			defaultConfigurationName = Release;
		};
		DF5E128A1ADE6AED005D036A /* Build configuration list for PBXNativeTarget "Trent RandTests" */ = {
			isa = XCConfigurationList;
			buildConfigurations = (
				DF5E128B1ADE6AED005D036A /* Debug */,
				DF5E128C1ADE6AED005D036A /* Release */,
			);
			defaultConfigurationIsVisible = 0;
			defaultConfigurationName = Release;
		};
/* End XCConfigurationList section */
	};
	rootObject = DF5E12601ADE6AEC005D036A /* Project object */;
}
